<?xml version="1.0" encoding="utf-8"?>
<Project ToolsVersion="4.0" xmlns="http://schemas.microsoft.com/developer/msbuild/2003">
  <ItemGroup>
    <Filter Include="Файлы исходного кода">
      <UniqueIdentifier>{4FC737F1-C7A5-4376-A066-2A32D752A2FF}</UniqueIdentifier>
      <Extensions>cpp;c;cc;cxx;def;odl;idl;hpj;bat;asm;asmx</Extensions>
    </Filter>
    <Filter Include="Заголовочные файлы">
      <UniqueIdentifier>{93995380-89BD-4b04-88EB-625FBE52EBFB}</UniqueIdentifier>
      <Extensions>h;hpp;hxx;hm;inl;inc;xsd</Extensions>
    </Filter>
    <Filter Include="Файлы ресурсов">
      <UniqueIdentifier>{67DA6AB6-F800-4c08-8B7A-83BB121AAD01}</UniqueIdentifier>
      <Extensions>rc;ico;cur;bmp;dlg;rc2;rct;bin;rgs;gif;jpg;jpeg;jpe;resx;tiff;tif;png;wav;mfcribbon-ms</Extensions>
    </Filter>
    <Filter Include="Файлы исходного кода\classes">
      <UniqueIdentifier>{ad76eb3e-c7e3-41ed-af80-b433c4a569ab}</UniqueIdentifier>
    </Filter>
    <Filter Include="Заголовочные файлы\classes">
      <UniqueIdentifier>{d06f656a-00c4-4a82-84a5-007c0bb652a0}</UniqueIdentifier>
    </Filter>
    <Filter Include="Файлы исходного кода\classes\ValueObjects">
      <UniqueIdentifier>{af021a04-39b6-48c2-b786-0357273b03f8}</UniqueIdentifier>
    </Filter>
    <Filter Include="Заголовочные файлы\classes\ValueObjects">
      <UniqueIdentifier>{9273d45b-2083-41cd-a1c8-bc8f494be72f}</UniqueIdentifier>
    </Filter>
    <Filter Include="Файлы исходного кода\utils">
      <UniqueIdentifier>{2ff8e841-1543-41be-90c1-070ae25ae73a}</UniqueIdentifier>
    </Filter>
    <Filter Include="Заголовочные файлы\utils">
      <UniqueIdentifier>{e76c4017-14e3-4b73-8548-e270806bda7e}</UniqueIdentifier>
    </Filter>
    <Filter Include="Файлы исходного кода\classes\containers">
      <UniqueIdentifier>{a4cafa53-44b5-41c4-8111-87730b29c4c2}</UniqueIdentifier>
    </Filter>
    <Filter Include="Заголовочные файлы\classes\containers">
      <UniqueIdentifier>{9b8b83b8-587b-4b62-a6e5-e2f1b8074dd3}</UniqueIdentifier>
    </Filter>
    <Filter Include="Заголовочные файлы\classes\rating">
      <UniqueIdentifier>{d67d7354-0078-4dec-a85d-41db2b0ddb0d}</UniqueIdentifier>
    </Filter>
    <Filter Include="Файлы исходного кода\classes\rating">
      <UniqueIdentifier>{bae883ea-d2bc-488f-a8ec-e75a5315b4dc}</UniqueIdentifier>
    </Filter>
  </ItemGroup>
  <ItemGroup>
    <Text Include="ReadMe.txt" />
  </ItemGroup>
  <ItemGroup>
    <ClInclude Include="stdafx.h">
      <Filter>Заголовочные файлы</Filter>
    </ClInclude>
    <ClInclude Include="targetver.h">
      <Filter>Заголовочные файлы</Filter>
    </ClInclude>
    <ClInclude Include="classes\VO\Account.h">
      <Filter>Заголовочные файлы\classes\ValueObjects</Filter>
    </ClInclude>
    <ClInclude Include="classes\VO\PhoneNumber.h">
      <Filter>Заголовочные файлы\classes\ValueObjects</Filter>
    </ClInclude>
    <ClInclude Include="definitions.h">
      <Filter>Заголовочные файлы</Filter>
    </ClInclude>
    <ClInclude Include="classes\VO\CDR.h">
      <Filter>Заголовочные файлы\classes\ValueObjects</Filter>
    </ClInclude>
    <ClInclude Include="utils\utils.h">
      <Filter>Заголовочные файлы\utils</Filter>
    </ClInclude>
    <ClInclude Include="utils\exceptions.h">
      <Filter>Заголовочные файлы\utils</Filter>
    </ClInclude>
    <ClInclude Include="classes\containers\AccountsDB.h">
      <Filter>Заголовочные файлы\classes\containers</Filter>
    </ClInclude>
    <ClInclude Include="classes\UniqueKey.h">
      <Filter>Заголовочные файлы\classes</Filter>
    </ClInclude>
    <ClInclude Include="classes\containers\PhoneNumberDB.h">
      <Filter>Заголовочные файлы\classes\containers</Filter>
    </ClInclude>
    <ClInclude Include="classes\containers\CDR_DB.h">
      <Filter>Заголовочные файлы\classes\containers</Filter>
    </ClInclude>
    <ClInclude Include="classes\containers\IdBasedContainer.h">
      <Filter>Заголовочные файлы\classes\containers</Filter>
    </ClInclude>
    <ClInclude Include="classes\rating\UsageTariff.h">
      <Filter>Заголовочные файлы\classes\rating</Filter>
    </ClInclude>
    <ClInclude Include="classes\rating\BillItem.h">
      <Filter>Заголовочные файлы\classes\rating</Filter>
    </ClInclude>
  </ItemGroup>
  <ItemGroup>
    <ClCompile Include="stdafx.cpp">
      <Filter>Файлы исходного кода</Filter>
    </ClCompile>
    <ClCompile Include="classes\VO\Account.cpp">
      <Filter>Файлы исходного кода\classes\ValueObjects</Filter>
    </ClCompile>
    <ClCompile Include="classes\VO\PhoneNumber.cpp">
      <Filter>Файлы исходного кода\classes\ValueObjects</Filter>
    </ClCompile>
    <ClCompile Include="classes\VO\CDR.cpp">
      <Filter>Файлы исходного кода\classes\ValueObjects</Filter>
    </ClCompile>
    <ClCompile Include="utils\utils.cpp">
      <Filter>Файлы исходного кода\utils</Filter>
    </ClCompile>
    <ClCompile Include="classes\containers\AccountsDB.cpp">
      <Filter>Файлы исходного кода\classes\containers</Filter>
    </ClCompile>
    <ClCompile Include="classes\UniqueKey.cpp">
      <Filter>Файлы исходного кода\classes</Filter>
    </ClCompile>
    <ClCompile Include="classes\containers\PhoneNumberDB.cpp">
      <Filter>Файлы исходного кода\classes\containers</Filter>
    </ClCompile>
    <ClCompile Include="classes\containers\CDR_DB.cpp">
      <Filter>Файлы исходного кода\classes\containers</Filter>
    </ClCompile>
    <ClCompile Include="Billing_Test.cpp">
      <Filter>Файлы исходного кода</Filter>
    </ClCompile>
    <ClCompile Include="classes\containers\IdBasedContainer.cpp">
      <Filter>Файлы исходного кода\classes\containers</Filter>
    </ClCompile>
    <ClCompile Include="classes\rating\UsageTariff.cpp">
      <Filter>Файлы исходного кода\classes\rating</Filter>
    </ClCompile>
    <ClCompile Include="classes\rating\BillItem.cpp">
      <Filter>Файлы исходного кода\classes\rating</Filter>
    </ClCompile>
  </ItemGroup>
  <ItemGroup>
    <None Include="utils\utils.impl">
      <Filter>Заголовочные файлы\utils</Filter>
    </None>
    <None Include="classes\rating\UsageTariff.inl">
      <Filter>Заголовочные файлы\classes\rating</Filter>
    </None>
    <None Include="classes\rating\BillItem.inl">
      <Filter>Заголовочные файлы\classes\rating</Filter>
    </None>
  </ItemGroup>
</Project>